# This file is automatically @generated by Cargo.
# It is not intended for manual editing.
version = 3

[[package]]
name = "ahash"
version = "0.8.11"
source = "registry+https://github.com/rust-lang/crates.io-index"
checksum = "e89da841a80418a9b391ebaea17f5c112ffaaa96f621d2c285b5174da76b9011"
dependencies = [
 "cfg-if",
 "once_cell",
 "version_check",
 "zerocopy",
]

[[package]]
name = "anstream"
version = "0.6.15"
source = "registry+https://github.com/rust-lang/crates.io-index"
checksum = "64e15c1ab1f89faffbf04a634d5e1962e9074f2741eef6d97f3c4e322426d526"
dependencies = [
 "anstyle",
 "anstyle-parse",
 "anstyle-query",
 "anstyle-wincon",
 "colorchoice",
 "is_terminal_polyfill",
 "utf8parse",
]

[[package]]
name = "anstyle"
version = "1.0.8"
source = "registry+https://github.com/rust-lang/crates.io-index"
checksum = "1bec1de6f59aedf83baf9ff929c98f2ad654b97c9510f4e70cf6f661d49fd5b1"

[[package]]
name = "anstyle-parse"
version = "0.2.5"
source = "registry+https://github.com/rust-lang/crates.io-index"
checksum = "eb47de1e80c2b463c735db5b217a0ddc39d612e7ac9e2e96a5aed1f57616c1cb"
dependencies = [
 "utf8parse",
]

[[package]]
name = "anstyle-query"
version = "1.1.1"
source = "registry+https://github.com/rust-lang/crates.io-index"
checksum = "6d36fc52c7f6c869915e99412912f22093507da8d9e942ceaf66fe4b7c14422a"
dependencies = [
 "windows-sys",
]

[[package]]
name = "anstyle-wincon"
version = "3.0.4"
source = "registry+https://github.com/rust-lang/crates.io-index"
checksum = "5bf74e1b6e971609db8ca7a9ce79fd5768ab6ae46441c572e46cf596f59e57f8"
dependencies = [
 "anstyle",
 "windows-sys",
]

[[package]]
name = "anyhow"
version = "1.0.89"
source = "registry+https://github.com/rust-lang/crates.io-index"
checksum = "86fdf8605db99b54d3cd748a44c6d04df638eb5dafb219b135d0149bd0db01f6"

[[package]]
name = "arbitrary"
version = "1.3.2"
source = "registry+https://github.com/rust-lang/crates.io-index"
checksum = "7d5a26814d8dcb93b0e5a0ff3c6d80a8843bafb21b39e8e18a6f05471870e110"

[[package]]
name = "bumpalo"
version = "3.16.0"
source = "registry+https://github.com/rust-lang/crates.io-index"
checksum = "79296716171880943b8470b5f8d03aa55eb2e645a4874bdbb28adb49162e012c"

[[package]]
name = "cfg-if"
version = "1.0.0"
source = "registry+https://github.com/rust-lang/crates.io-index"
checksum = "baf1de4339761588bc0619e3cbc0120ee582ebb74b53b4efbf79117bd2da40fd"

[[package]]
name = "clap"
version = "4.5.16"
source = "registry+https://github.com/rust-lang/crates.io-index"
checksum = "ed6719fffa43d0d87e5fd8caeab59be1554fb028cd30edc88fc4369b17971019"
dependencies = [
 "clap_builder",
 "clap_derive",
]

[[package]]
name = "clap_builder"
version = "4.5.15"
source = "registry+https://github.com/rust-lang/crates.io-index"
checksum = "216aec2b177652e3846684cbfe25c9964d18ec45234f0f5da5157b207ed1aab6"
dependencies = [
 "anstream",
 "anstyle",
 "clap_lex",
 "strsim",
]

[[package]]
name = "clap_derive"
version = "4.5.13"
source = "registry+https://github.com/rust-lang/crates.io-index"
checksum = "501d359d5f3dcaf6ecdeee48833ae73ec6e42723a1e52419c79abf9507eec0a0"
dependencies = [
 "heck",
 "proc-macro2",
 "quote",
 "syn",
]

[[package]]
name = "clap_lex"
version = "0.7.2"
source = "registry+https://github.com/rust-lang/crates.io-index"
checksum = "1462739cb27611015575c0c11df5df7601141071f07518d56fcc1be504cbec97"

[[package]]
name = "colorchoice"
version = "1.0.2"
source = "registry+https://github.com/rust-lang/crates.io-index"
checksum = "d3fd119d74b830634cea2a0f58bbd0d54540518a14397557951e79340abc28c0"

[[package]]
name = "cranelift"
version = "0.111.0"
source = "registry+https://github.com/rust-lang/crates.io-index"
checksum = "13a91728bb7b95077bcdd1c66b8a8b5985b67a008cc980c742137256f883f296"
dependencies = [
 "cranelift-codegen 0.111.0",
 "cranelift-frontend",
 "cranelift-module",
]

[[package]]
name = "cranelift-bforest"
version = "0.111.0"
source = "registry+https://github.com/rust-lang/crates.io-index"
checksum = "b80c3a50b9c4c7e5b5f73c0ed746687774fc9e36ef652b110da8daebf0c6e0e6"
dependencies = [
 "cranelift-entity 0.111.0",
]

[[package]]
name = "cranelift-bforest"
version = "0.112.1"
source = "registry+https://github.com/rust-lang/crates.io-index"
checksum = "a6e376bd92bddd03dcfc443b14382611cae5d10012aa0b1628bbf18bb73f12f7"
dependencies = [
 "cranelift-entity 0.112.1",
]

[[package]]
name = "cranelift-bitset"
version = "0.111.0"
source = "registry+https://github.com/rust-lang/crates.io-index"
checksum = "38778758c2ca918b05acb2199134e0c561fb577c50574259b26190b6c2d95ded"

[[package]]
name = "cranelift-bitset"
version = "0.112.1"
source = "registry+https://github.com/rust-lang/crates.io-index"
checksum = "45ecbe07f25a8100e5077933516200e97808f1d7196b5a073edb85fa08fde32e"

[[package]]
name = "cranelift-codegen"
version = "0.111.0"
source = "registry+https://github.com/rust-lang/crates.io-index"
checksum = "58258667ad10e468bfc13a8d620f50dfcd4bb35d668123e97defa2549b9ad397"
dependencies = [
 "bumpalo",
 "cranelift-bforest 0.111.0",
 "cranelift-bitset 0.111.0",
 "cranelift-codegen-meta 0.111.0",
 "cranelift-codegen-shared 0.111.0",
 "cranelift-control 0.111.0",
 "cranelift-entity 0.111.0",
 "cranelift-isle 0.111.0",
 "gimli",
 "hashbrown 0.14.5",
 "log",
 "regalloc2 0.9.3",
 "rustc-hash 1.1.0",
 "smallvec",
 "target-lexicon",
]

[[package]]
name = "cranelift-codegen"
version = "0.112.1"
source = "registry+https://github.com/rust-lang/crates.io-index"
checksum = "bc60913f32c1de18538c28bef74b8c87cf16de7841a1b0956fcf01b23237853a"
dependencies = [
 "bumpalo",
 "cranelift-bforest 0.112.1",
 "cranelift-bitset 0.112.1",
 "cranelift-codegen-meta 0.112.1",
 "cranelift-codegen-shared 0.112.1",
 "cranelift-control 0.112.1",
 "cranelift-entity 0.112.1",
 "cranelift-isle 0.112.1",
 "gimli",
 "hashbrown 0.14.5",
 "log",
 "regalloc2 0.10.2",
 "rustc-hash 2.0.0",
 "smallvec",
 "target-lexicon",
]

[[package]]
name = "cranelift-codegen-meta"
version = "0.111.0"
source = "registry+https://github.com/rust-lang/crates.io-index"
checksum = "043f0b702e529dcb07ff92bd7d40e7d5317b5493595172c5eb0983343751ee06"
dependencies = [
 "cranelift-codegen-shared 0.111.0",
]

[[package]]
name = "cranelift-codegen-meta"
version = "0.112.1"
source = "registry+https://github.com/rust-lang/crates.io-index"
checksum = "bae009e7822f47aa55e7dcef846ccf3aa4eb102ca6b4bcb8a44b36f3f49aa85c"
dependencies = [
 "cranelift-codegen-shared 0.112.1",
]

[[package]]
name = "cranelift-codegen-shared"
version = "0.111.0"
source = "registry+https://github.com/rust-lang/crates.io-index"
checksum = "7763578888ab53eca5ce7da141953f828e82c2bfadcffc106d10d1866094ffbb"

[[package]]
name = "cranelift-codegen-shared"
version = "0.112.1"
source = "registry+https://github.com/rust-lang/crates.io-index"
checksum = "0c78f01a852536c68e34444450f845ed6e0782a1f047f85397fe460b8fbce8f1"

[[package]]
name = "cranelift-control"
version = "0.111.0"
source = "registry+https://github.com/rust-lang/crates.io-index"
checksum = "32db15f08c05df570f11e8ab33cb1ec449a64b37c8a3498377b77650bef33d8b"
dependencies = [
 "arbitrary",
]

[[package]]
name = "cranelift-control"
version = "0.112.1"
source = "registry+https://github.com/rust-lang/crates.io-index"
checksum = "7a061b22e00a9e36b31f2660dfb05a9617b7775bd54b79754d3bb75a990dac06"
dependencies = [
 "arbitrary",
]

[[package]]
name = "cranelift-entity"
version = "0.111.0"
source = "registry+https://github.com/rust-lang/crates.io-index"
checksum = "5289cdb399381a27e7bbfa1b42185916007c3d49aeef70b1d01cb4caa8010130"
dependencies = [
 "cranelift-bitset 0.111.0",
]

[[package]]
name = "cranelift-entity"
version = "0.112.1"
source = "registry+https://github.com/rust-lang/crates.io-index"
checksum = "95e2b261a3e74ae42f4e606906d5ffa44ee2684e8b1ae23bdf75d21908dc9233"
dependencies = [
 "cranelift-bitset 0.112.1",
]

[[package]]
name = "cranelift-frontend"
version = "0.111.0"
source = "registry+https://github.com/rust-lang/crates.io-index"
checksum = "31ba8ab24eb9470477e98ddfa3c799a649ac5a0d9a2042868c4c952133c234e8"
dependencies = [
 "cranelift-codegen 0.111.0",
 "log",
 "smallvec",
 "target-lexicon",
]

[[package]]
name = "cranelift-isle"
version = "0.111.0"
source = "registry+https://github.com/rust-lang/crates.io-index"
checksum = "2b72a3c5c166a70426dcb209bdd0bb71a787c1ea76023dc0974fbabca770e8f9"

[[package]]
name = "cranelift-isle"
version = "0.112.1"
source = "registry+https://github.com/rust-lang/crates.io-index"
checksum = "311d91ae72b37d4262b51217baf8c9e01f1afd5148931468da1fdb7e9d011347"

[[package]]
name = "cranelift-module"
version = "0.111.0"
source = "registry+https://github.com/rust-lang/crates.io-index"
checksum = "96094a758cdb543c9143f70817cd31069fecd49f50981a0fac06820ac011dc2f"
dependencies = [
 "anyhow",
 "cranelift-codegen 0.111.0",
 "cranelift-control 0.111.0",
]

[[package]]
name = "elk"
version = "0.1.0"
dependencies = [
 "anyhow",
 "clap",
 "elk-core",
]

[[package]]
name = "elk-core"
version = "0.1.0"
dependencies = [
 "cranelift",
 "cranelift-codegen 0.112.1",
 "nom",
]

[[package]]
name = "equivalent"
version = "1.0.1"
source = "registry+https://github.com/rust-lang/crates.io-index"
checksum = "5443807d6dff69373d433ab9ef5378ad8df50ca6298caf15de6e52e24aaf54d5"

[[package]]
name = "fallible-iterator"
version = "0.3.0"
source = "registry+https://github.com/rust-lang/crates.io-index"
checksum = "2acce4a10f12dc2fb14a218589d4f1f62ef011b2d0cc4b3cb1bba8e94da14649"

[[package]]
name = "gimli"
version = "0.29.0"
source = "registry+https://github.com/rust-lang/crates.io-index"
checksum = "40ecd4077b5ae9fd2e9e169b102c6c330d0605168eb0e8bf79952b256dbefffd"
dependencies = [
 "fallible-iterator",
 "indexmap",
 "stable_deref_trait",
]

[[package]]
name = "hashbrown"
version = "0.13.2"
source = "registry+https://github.com/rust-lang/crates.io-index"
checksum = "43a3c133739dddd0d2990f9a4bdf8eb4b21ef50e4851ca85ab661199821d510e"
dependencies = [
 "ahash",
]

[[package]]
name = "hashbrown"
version = "0.14.5"
source = "registry+https://github.com/rust-lang/crates.io-index"
checksum = "e5274423e17b7c9fc20b6e7e208532f9b19825d82dfd615708b70edd83df41f1"
dependencies = [
 "ahash",
]

[[package]]
name = "heck"
version = "0.5.0"
source = "registry+https://github.com/rust-lang/crates.io-index"
checksum = "2304e00983f87ffb38b55b444b5e3b60a884b5d30c0fca7d82fe33449bbe55ea"

[[package]]
name = "indexmap"
version = "2.5.0"
source = "registry+https://github.com/rust-lang/crates.io-index"
checksum = "68b900aa2f7301e21c36462b170ee99994de34dff39a4a6a528e80e7376d07e5"
dependencies = [
 "equivalent",
 "hashbrown 0.14.5",
]

[[package]]
name = "is_terminal_polyfill"
version = "1.70.1"
source = "registry+https://github.com/rust-lang/crates.io-index"
checksum = "7943c866cc5cd64cbc25b2e01621d07fa8eb2a1a23160ee81ce38704e97b8ecf"

[[package]]
name = "log"
version = "0.4.22"
source = "registry+https://github.com/rust-lang/crates.io-index"
checksum = "a7a70ba024b9dc04c27ea2f0c0548feb474ec5c54bba33a7f72f873a39d07b24"

[[package]]
name = "memchr"
version = "2.7.4"
source = "registry+https://github.com/rust-lang/crates.io-index"
checksum = "78ca9ab1a0babb1e7d5695e3530886289c18cf2f87ec19a575a0abdce112e3a3"

[[package]]
name = "minimal-lexical"
version = "0.2.1"
source = "registry+https://github.com/rust-lang/crates.io-index"
checksum = "68354c5c6bd36d73ff3feceb05efa59b6acb7626617f4962be322a825e61f79a"

[[package]]
name = "nom"
version = "7.1.3"
source = "registry+https://github.com/rust-lang/crates.io-index"
checksum = "d273983c5a657a70a3e8f2a01329822f3b8c8172b73826411a55751e404a0a4a"
dependencies = [
 "memchr",
 "minimal-lexical",
]

[[package]]
name = "once_cell"
version = "1.19.0"
source = "registry+https://github.com/rust-lang/crates.io-index"
checksum = "3fdb12b2476b595f9358c5161aa467c2438859caa136dec86c26fdd2efe17b92"

[[package]]
name = "proc-macro2"
version = "1.0.86"
source = "registry+https://github.com/rust-lang/crates.io-index"
checksum = "5e719e8df665df0d1c8fbfd238015744736151d4445ec0836b8e628aae103b77"
dependencies = [
 "unicode-ident",
]

[[package]]
name = "quote"
version = "1.0.37"
source = "registry+https://github.com/rust-lang/crates.io-index"
checksum = "b5b9d34b8991d19d98081b46eacdd8eb58c6f2b201139f7c5f643cc155a633af"
dependencies = [
 "proc-macro2",
]

[[package]]
name = "regalloc2"
version = "0.9.3"
source = "registry+https://github.com/rust-lang/crates.io-index"
checksum = "ad156d539c879b7a24a363a2016d77961786e71f48f2e2fc8302a92abd2429a6"
dependencies = [
 "hashbrown 0.13.2",
 "log",
 "rustc-hash 1.1.0",
 "slice-group-by",
 "smallvec",
]

[[package]]
name = "regalloc2"
version = "0.10.2"
source = "registry+https://github.com/rust-lang/crates.io-index"
checksum = "12908dbeb234370af84d0579b9f68258a0f67e201412dd9a2814e6f45b2fc0f0"
dependencies = [
 "hashbrown 0.14.5",
 "log",
 "rustc-hash 2.0.0",
 "slice-group-by",
 "smallvec",
]

[[package]]
name = "rustc-hash"
version = "1.1.0"
source = "registry+https://github.com/rust-lang/crates.io-index"
checksum = "08d43f7aa6b08d49f382cde6a7982047c3426db949b1424bc4b7ec9ae12c6ce2"

[[package]]
name = "rustc-hash"
version = "2.0.0"
source = "registry+https://github.com/rust-lang/crates.io-index"
checksum = "583034fd73374156e66797ed8e5b0d5690409c9226b22d87cb7f19821c05d152"

[[package]]
name = "slice-group-by"
version = "0.3.1"
source = "registry+https://github.com/rust-lang/crates.io-index"
checksum = "826167069c09b99d56f31e9ae5c99049e932a98c9dc2dac47645b08dbbf76ba7"

[[package]]
name = "smallvec"
version = "1.13.2"
source = "registry+https://github.com/rust-lang/crates.io-index"
checksum = "3c5e1a9a646d36c3599cd173a41282daf47c44583ad367b8e6837255952e5c67"

[[package]]
name = "stable_deref_trait"
version = "1.2.0"
source = "registry+https://github.com/rust-lang/crates.io-index"
checksum = "a8f112729512f8e442d81f95a8a7ddf2b7c6b8a1a6f509a95864142b30cab2d3"

[[package]]
name = "strsim"
version = "0.11.1"
source = "registry+https://github.com/rust-lang/crates.io-index"
checksum = "7da8b5736845d9f2fcb837ea5d9e2628564b3b043a70948a3f0b778838c5fb4f"

[[package]]
name = "syn"
version = "2.0.76"
source = "registry+https://github.com/rust-lang/crates.io-index"
checksum = "578e081a14e0cefc3279b0472138c513f37b41a08d5a3cca9b6e4e8ceb6cd525"
dependencies = [
 "proc-macro2",
 "quote",
 "unicode-ident",
]

[[package]]
name = "target-lexicon"
version = "0.12.16"
source = "registry+https://github.com/rust-lang/crates.io-index"
checksum = "61c41af27dd6d1e27b1b16b489db798443478cef1f06a660c96db617ba5de3b1"

[[package]]
name = "unicode-ident"
version = "1.0.12"
source = "registry+https://github.com/rust-lang/crates.io-index"
checksum = "3354b9ac3fae1ff6755cb6db53683adb661634f67557942dea4facebec0fee4b"

[[package]]
name = "utf8parse"
version = "0.2.2"
source = "registry+https://github.com/rust-lang/crates.io-index"
checksum = "06abde3611657adf66d383f00b093d7faecc7fa57071cce2578660c9f1010821"

[[package]]
name = "version_check"
version = "0.9.5"
source = "registry+https://github.com/rust-lang/crates.io-index"
checksum = "0b928f33d975fc6ad9f86c8f283853ad26bdd5b10b7f1542aa2fa15e2289105a"

[[package]]
name = "windows-sys"
version = "0.52.0"
source = "registry+https://github.com/rust-lang/crates.io-index"
checksum = "282be5f36a8ce781fad8c8ae18fa3f9beff57ec1b52cb3de0789201425d9a33d"
dependencies = [
 "windows-targets",
]

[[package]]
name = "windows-targets"
version = "0.52.6"
source = "registry+https://github.com/rust-lang/crates.io-index"
checksum = "9b724f72796e036ab90c1021d4780d4d3d648aca59e491e6b98e725b84e99973"
dependencies = [
 "windows_aarch64_gnullvm",
 "windows_aarch64_msvc",
 "windows_i686_gnu",
 "windows_i686_gnullvm",
 "windows_i686_msvc",
 "windows_x86_64_gnu",
 "windows_x86_64_gnullvm",
 "windows_x86_64_msvc",
]

[[package]]
name = "windows_aarch64_gnullvm"
version = "0.52.6"
source = "registry+https://github.com/rust-lang/crates.io-index"
checksum = "32a4622180e7a0ec044bb555404c800bc9fd9ec262ec147edd5989ccd0c02cd3"

[[package]]
name = "windows_aarch64_msvc"
version = "0.52.6"
source = "registry+https://github.com/rust-lang/crates.io-index"
checksum = "09ec2a7bb152e2252b53fa7803150007879548bc709c039df7627cabbd05d469"

[[package]]
name = "windows_i686_gnu"
version = "0.52.6"
source = "registry+https://github.com/rust-lang/crates.io-index"
checksum = "8e9b5ad5ab802e97eb8e295ac6720e509ee4c243f69d781394014ebfe8bbfa0b"

[[package]]
name = "windows_i686_gnullvm"
version = "0.52.6"
source = "registry+https://github.com/rust-lang/crates.io-index"
checksum = "0eee52d38c090b3caa76c563b86c3a4bd71ef1a819287c19d586d7334ae8ed66"

[[package]]
name = "windows_i686_msvc"
version = "0.52.6"
source = "registry+https://github.com/rust-lang/crates.io-index"
checksum = "240948bc05c5e7c6dabba28bf89d89ffce3e303022809e73deaefe4f6ec56c66"

[[package]]
name = "windows_x86_64_gnu"
version = "0.52.6"
source = "registry+https://github.com/rust-lang/crates.io-index"
checksum = "147a5c80aabfbf0c7d901cb5895d1de30ef2907eb21fbbab29ca94c5b08b1a78"

[[package]]
name = "windows_x86_64_gnullvm"
version = "0.52.6"
source = "registry+https://github.com/rust-lang/crates.io-index"
checksum = "24d5b23dc417412679681396f2b49f3de8c1473deb516bd34410872eff51ed0d"

[[package]]
name = "windows_x86_64_msvc"
version = "0.52.6"
source = "registry+https://github.com/rust-lang/crates.io-index"
checksum = "589f6da84c646204747d1270a2a5661ea66ed1cced2631d546fdfb155959f9ec"

[[package]]
name = "zerocopy"
version = "0.7.35"
source = "registry+https://github.com/rust-lang/crates.io-index"
checksum = "1b9b4fd18abc82b8136838da5d50bae7bdea537c574d8dc1a34ed098d6c166f0"
dependencies = [
 "zerocopy-derive",
]

[[package]]
name = "zerocopy-derive"
version = "0.7.35"
source = "registry+https://github.com/rust-lang/crates.io-index"
checksum = "fa4f8080344d4671fb4e831a13ad1e68092748387dfc4f55e356242fae12ce3e"
dependencies = [
 "proc-macro2",
 "quote",
 "syn",
]
